
Microsoft Visual Studio Solution File, Format Version 12.00
# Visual Studio Version 17
VisualStudioVersion = 17.14.36804.6 d17.14
MinimumVisualStudioVersion = 10.0.40219.1
Project("{FAE04EC0-301F-11D3-BF4B-00C04F79EFBC}") = "Reversi", "Reversi.csproj", "{CD3FF900-F534-4BA3-985D-CFF50A0AAE9A}"
EndProject
Global
	GlobalSection(SolutionConfigurationPlatforms) = preSolution
		Debug|Any CPU = Debug|Any CPU
		Release|Any CPU = Release|Any CPU
	EndGlobalSection
	GlobalSection(ProjectConfigurationPlatforms) = postSolution
		{CD3FF900-F534-4BA3-985D-CFF50A0AAE9A}.Debug|Any CPU.ActiveCfg = Debug|Any CPU
		{CD3FF900-F534-4BA3-985D-CFF50A0AAE9A}.Debug|Any CPU.Build.0 = Debug|Any CPU
		{CD3FF900-F534-4BA3-985D-CFF50A0AAE9A}.Release|Any CPU.ActiveCfg = Release|Any CPU
		{CD3FF900-F534-4BA3-985D-CFF50A0AAE9A}.Release|Any CPU.Build.0 = Release|Any CPU
	EndGlobalSection
	GlobalSection(SolutionProperties) = preSolution
		HideSolutionNode = FALSE
	EndGlobalSection
	GlobalSection(ExtensibilityGlobals) = postSolution
		SolutionGuid = {881ACC8D-CB3F-4216-A80E-AE454007C7E0}
	EndGlobalSection
EndGlobal
